
Microsoft Visual Studio Solution File, Format Version 12.00
# Visual Studio 14
VisualStudioVersion = 14.0.24720.0
MinimumVisualStudioVersion = 10.0.40219.1
Project("{FAE04EC0-301F-11D3-BF4B-00C04F79EFBC}") = "XS.Blog.WebUI", "Blog\XS.Blog.WebUI\XS.Blog.WebUI.csproj", "{AD457618-A04B-4979-A68E-6F52974C95E7}"
EndProject
Project("{2150E333-8FDC-42A3-9474-1A3956D46DE8}") = "01 Framework", "01 Framework", "{7BDE2756-C4E9-4A43-B10F-29051E519CE2}"
EndProject
Project("{2150E333-8FDC-42A3-9474-1A3956D46DE8}") = "03 Blog", "03 Blog", "{C8ECDACC-8EB9-4895-A11B-5DDF701083F7}"
EndProject
Project("{2150E333-8FDC-42A3-9474-1A3956D46DE8}") = "02 Components", "02 Components", "{B13DC1AD-6B79-4F65-9332-8AFB28EC9FA4}"
EndProject
Project("{FAE04EC0-301F-11D3-BF4B-00C04F79EFBC}") = "XS.Framework.Common", "Framework\XS.Framework.Common\XS.Framework.Common.csproj", "{2A4F3FDF-4A2C-450B-8285-28570BD45A81}"
EndProject
Project("{FAE04EC0-301F-11D3-BF4B-00C04F79EFBC}") = "XS.Framework.Data", "Framework\XS.Framework.Date\XS.Framework.Data.csproj", "{BD5E9F67-D8AF-42E6-BCB5-8C826ADDF290}"
EndProject
Project("{FAE04EC0-301F-11D3-BF4B-00C04F79EFBC}") = "XS.Framework.Utility", "Framework\XS.Framework.Utility\XS.Framework.Utility.csproj", "{F1E16D44-AB17-4C2A-A4BD-FDBB55C733FB}"
EndProject
Project("{FAE04EC0-301F-11D3-BF4B-00C04F79EFBC}") = "Qiniu.4.0", "Component\Qiniu\Qiniu.4.0.csproj", "{AD4EA9D1-11C2-4BF6-8A06-72A966BC1B80}"
EndProject
Project("{FAE04EC0-301F-11D3-BF4B-00C04F79EFBC}") = "XS.Blog.Components", "Blog\XS.Blog.Components\XS.Blog.Components.csproj", "{39CA0B59-F100-4FC7-8936-A30F60844D2A}"
EndProject
Project("{FAE04EC0-301F-11D3-BF4B-00C04F79EFBC}") = "XS.Blog.Config", "Blog\XS.Blog.Config\XS.Blog.Config.csproj", "{C5555929-E5BE-49C4-93A9-E2FF10C7FBC9}"
EndProject
Project("{FAE04EC0-301F-11D3-BF4B-00C04F79EFBC}") = "XS.Blog.Data", "Blog\XS.Blog.Data\XS.Blog.Data.csproj", "{F0E0F63B-028C-48E2-A19A-A2657475C233}"
EndProject
Project("{FAE04EC0-301F-11D3-BF4B-00C04F79EFBC}") = "XS.Blog.Entity", "Blog\XS.Blog.Entity\XS.Blog.Entity.csproj", "{29872D95-9E7F-4CA0-80CC-0CE34708ED18}"
EndProject
Project("{FAE04EC0-301F-11D3-BF4B-00C04F79EFBC}") = "XS.Blog.Framework", "Blog\XS.Blog.Framework\XS.Blog.Framework.csproj", "{A36AE2CC-2153-4A69-BEB8-496D5E337AB6}"
EndProject
Project("{FAE04EC0-301F-11D3-BF4B-00C04F79EFBC}") = "XS.Blog.Data.SqlServer", "Blog\XS.Blog.SqlServer\XS.Blog.Data.SqlServer.csproj", "{6DE1B24D-F684-452E-8E8B-E01D6A08EB47}"
EndProject
Project("{FAE04EC0-301F-11D3-BF4B-00C04F79EFBC}") = "XS.Blog", "Blog\XS.Blog\XS.Blog.csproj", "{FBE19402-28D0-4F4E-B9F0-3D524CCDD109}"
EndProject
Global
	GlobalSection(SolutionConfigurationPlatforms) = preSolution
		Debug|Any CPU = Debug|Any CPU
		Debug|x86 = Debug|x86
		Release|Any CPU = Release|Any CPU
		Release|x86 = Release|x86
	EndGlobalSection
	GlobalSection(ProjectConfigurationPlatforms) = postSolution
		{AD457618-A04B-4979-A68E-6F52974C95E7}.Debug|Any CPU.ActiveCfg = Debug|Any CPU
		{AD457618-A04B-4979-A68E-6F52974C95E7}.Debug|Any CPU.Build.0 = Debug|Any CPU
		{AD457618-A04B-4979-A68E-6F52974C95E7}.Debug|x86.ActiveCfg = Debug|Any CPU
		{AD457618-A04B-4979-A68E-6F52974C95E7}.Debug|x86.Build.0 = Debug|Any CPU
		{AD457618-A04B-4979-A68E-6F52974C95E7}.Release|Any CPU.ActiveCfg = Release|Any CPU
		{AD457618-A04B-4979-A68E-6F52974C95E7}.Release|Any CPU.Build.0 = Release|Any CPU
		{AD457618-A04B-4979-A68E-6F52974C95E7}.Release|x86.ActiveCfg = Release|Any CPU
		{AD457618-A04B-4979-A68E-6F52974C95E7}.Release|x86.Build.0 = Release|Any CPU
		{2A4F3FDF-4A2C-450B-8285-28570BD45A81}.Debug|Any CPU.ActiveCfg = Debug|Any CPU
		{2A4F3FDF-4A2C-450B-8285-28570BD45A81}.Debug|Any CPU.Build.0 = Debug|Any CPU
		{2A4F3FDF-4A2C-450B-8285-28570BD45A81}.Debug|x86.ActiveCfg = Debug|Any CPU
		{2A4F3FDF-4A2C-450B-8285-28570BD45A81}.Debug|x86.Build.0 = Debug|Any CPU
		{2A4F3FDF-4A2C-450B-8285-28570BD45A81}.Release|Any CPU.ActiveCfg = Release|Any CPU
		{2A4F3FDF-4A2C-450B-8285-28570BD45A81}.Release|Any CPU.Build.0 = Release|Any CPU
		{2A4F3FDF-4A2C-450B-8285-28570BD45A81}.Release|x86.ActiveCfg = Release|Any CPU
		{2A4F3FDF-4A2C-450B-8285-28570BD45A81}.Release|x86.Build.0 = Release|Any CPU
		{BD5E9F67-D8AF-42E6-BCB5-8C826ADDF290}.Debug|Any CPU.ActiveCfg = Debug|Any CPU
		{BD5E9F67-D8AF-42E6-BCB5-8C826ADDF290}.Debug|Any CPU.Build.0 = Debug|Any CPU
		{BD5E9F67-D8AF-42E6-BCB5-8C826ADDF290}.Debug|x86.ActiveCfg = Debug|Any CPU
		{BD5E9F67-D8AF-42E6-BCB5-8C826ADDF290}.Debug|x86.Build.0 = Debug|Any CPU
		{BD5E9F67-D8AF-42E6-BCB5-8C826ADDF290}.Release|Any CPU.ActiveCfg = Release|Any CPU
		{BD5E9F67-D8AF-42E6-BCB5-8C826ADDF290}.Release|Any CPU.Build.0 = Release|Any CPU
		{BD5E9F67-D8AF-42E6-BCB5-8C826ADDF290}.Release|x86.ActiveCfg = Release|Any CPU
		{BD5E9F67-D8AF-42E6-BCB5-8C826ADDF290}.Release|x86.Build.0 = Release|Any CPU
		{F1E16D44-AB17-4C2A-A4BD-FDBB55C733FB}.Debug|Any CPU.ActiveCfg = Debug|Any CPU
		{F1E16D44-AB17-4C2A-A4BD-FDBB55C733FB}.Debug|Any CPU.Build.0 = Debug|Any CPU
		{F1E16D44-AB17-4C2A-A4BD-FDBB55C733FB}.Debug|x86.ActiveCfg = Debug|Any CPU
		{F1E16D44-AB17-4C2A-A4BD-FDBB55C733FB}.Debug|x86.Build.0 = Debug|Any CPU
		{F1E16D44-AB17-4C2A-A4BD-FDBB55C733FB}.Release|Any CPU.ActiveCfg = Release|Any CPU
		{F1E16D44-AB17-4C2A-A4BD-FDBB55C733FB}.Release|Any CPU.Build.0 = Release|Any CPU
		{F1E16D44-AB17-4C2A-A4BD-FDBB55C733FB}.Release|x86.ActiveCfg = Release|Any CPU
		{F1E16D44-AB17-4C2A-A4BD-FDBB55C733FB}.Release|x86.Build.0 = Release|Any CPU
		{AD4EA9D1-11C2-4BF6-8A06-72A966BC1B80}.Debug|Any CPU.ActiveCfg = Debug|x86
		{AD4EA9D1-11C2-4BF6-8A06-72A966BC1B80}.Debug|x86.ActiveCfg = Debug|x86
		{AD4EA9D1-11C2-4BF6-8A06-72A966BC1B80}.Debug|x86.Build.0 = Debug|x86
		{AD4EA9D1-11C2-4BF6-8A06-72A966BC1B80}.Release|Any CPU.ActiveCfg = Release|x86
		{AD4EA9D1-11C2-4BF6-8A06-72A966BC1B80}.Release|x86.ActiveCfg = Release|x86
		{AD4EA9D1-11C2-4BF6-8A06-72A966BC1B80}.Release|x86.Build.0 = Release|x86
		{39CA0B59-F100-4FC7-8936-A30F60844D2A}.Debug|Any CPU.ActiveCfg = Debug|Any CPU
		{39CA0B59-F100-4FC7-8936-A30F60844D2A}.Debug|Any CPU.Build.0 = Debug|Any CPU
		{39CA0B59-F100-4FC7-8936-A30F60844D2A}.Debug|x86.ActiveCfg = Debug|Any CPU
		{39CA0B59-F100-4FC7-8936-A30F60844D2A}.Debug|x86.Build.0 = Debug|Any CPU
		{39CA0B59-F100-4FC7-8936-A30F60844D2A}.Release|Any CPU.ActiveCfg = Release|Any CPU
		{39CA0B59-F100-4FC7-8936-A30F60844D2A}.Release|Any CPU.Build.0 = Release|Any CPU
		{39CA0B59-F100-4FC7-8936-A30F60844D2A}.Release|x86.ActiveCfg = Release|Any CPU
		{39CA0B59-F100-4FC7-8936-A30F60844D2A}.Release|x86.Build.0 = Release|Any CPU
		{C5555929-E5BE-49C4-93A9-E2FF10C7FBC9}.Debug|Any CPU.ActiveCfg = Debug|Any CPU
		{C5555929-E5BE-49C4-93A9-E2FF10C7FBC9}.Debug|Any CPU.Build.0 = Debug|Any CPU
		{C5555929-E5BE-49C4-93A9-E2FF10C7FBC9}.Debug|x86.ActiveCfg = Debug|Any CPU
		{C5555929-E5BE-49C4-93A9-E2FF10C7FBC9}.Debug|x86.Build.0 = Debug|Any CPU
		{C5555929-E5BE-49C4-93A9-E2FF10C7FBC9}.Release|Any CPU.ActiveCfg = Release|Any CPU
		{C5555929-E5BE-49C4-93A9-E2FF10C7FBC9}.Release|Any CPU.Build.0 = Release|Any CPU
		{C5555929-E5BE-49C4-93A9-E2FF10C7FBC9}.Release|x86.ActiveCfg = Release|Any CPU
		{C5555929-E5BE-49C4-93A9-E2FF10C7FBC9}.Release|x86.Build.0 = Release|Any CPU
		{F0E0F63B-028C-48E2-A19A-A2657475C233}.Debug|Any CPU.ActiveCfg = Debug|Any CPU
		{F0E0F63B-028C-48E2-A19A-A2657475C233}.Debug|Any CPU.Build.0 = Debug|Any CPU
		{F0E0F63B-028C-48E2-A19A-A2657475C233}.Debug|x86.ActiveCfg = Debug|Any CPU
		{F0E0F63B-028C-48E2-A19A-A2657475C233}.Debug|x86.Build.0 = Debug|Any CPU
		{F0E0F63B-028C-48E2-A19A-A2657475C233}.Release|Any CPU.ActiveCfg = Release|Any CPU
		{F0E0F63B-028C-48E2-A19A-A2657475C233}.Release|Any CPU.Build.0 = Release|Any CPU
		{F0E0F63B-028C-48E2-A19A-A2657475C233}.Release|x86.ActiveCfg = Release|Any CPU
		{F0E0F63B-028C-48E2-A19A-A2657475C233}.Release|x86.Build.0 = Release|Any CPU
		{29872D95-9E7F-4CA0-80CC-0CE34708ED18}.Debug|Any CPU.ActiveCfg = Debug|Any CPU
		{29872D95-9E7F-4CA0-80CC-0CE34708ED18}.Debug|Any CPU.Build.0 = Debug|Any CPU
		{29872D95-9E7F-4CA0-80CC-0CE34708ED18}.Debug|x86.ActiveCfg = Debug|Any CPU
		{29872D95-9E7F-4CA0-80CC-0CE34708ED18}.Debug|x86.Build.0 = Debug|Any CPU
		{29872D95-9E7F-4CA0-80CC-0CE34708ED18}.Release|Any CPU.ActiveCfg = Release|Any CPU
		{29872D95-9E7F-4CA0-80CC-0CE34708ED18}.Release|Any CPU.Build.0 = Release|Any CPU
		{29872D95-9E7F-4CA0-80CC-0CE34708ED18}.Release|x86.ActiveCfg = Release|Any CPU
		{29872D95-9E7F-4CA0-80CC-0CE34708ED18}.Release|x86.Build.0 = Release|Any CPU
		{A36AE2CC-2153-4A69-BEB8-496D5E337AB6}.Debug|Any CPU.ActiveCfg = Debug|Any CPU
		{A36AE2CC-2153-4A69-BEB8-496D5E337AB6}.Debug|Any CPU.Build.0 = Debug|Any CPU
		{A36AE2CC-2153-4A69-BEB8-496D5E337AB6}.Debug|x86.ActiveCfg = Debug|Any CPU
		{A36AE2CC-2153-4A69-BEB8-496D5E337AB6}.Debug|x86.Build.0 = Debug|Any CPU
		{A36AE2CC-2153-4A69-BEB8-496D5E337AB6}.Release|Any CPU.ActiveCfg = Release|Any CPU
		{A36AE2CC-2153-4A69-BEB8-496D5E337AB6}.Release|Any CPU.Build.0 = Release|Any CPU
		{A36AE2CC-2153-4A69-BEB8-496D5E337AB6}.Release|x86.ActiveCfg = Release|Any CPU
		{A36AE2CC-2153-4A69-BEB8-496D5E337AB6}.Release|x86.Build.0 = Release|Any CPU
		{6DE1B24D-F684-452E-8E8B-E01D6A08EB47}.Debug|Any CPU.ActiveCfg = Debug|Any CPU
		{6DE1B24D-F684-452E-8E8B-E01D6A08EB47}.Debug|Any CPU.Build.0 = Debug|Any CPU
		{6DE1B24D-F684-452E-8E8B-E01D6A08EB47}.Debug|x86.ActiveCfg = Debug|Any CPU
		{6DE1B24D-F684-452E-8E8B-E01D6A08EB47}.Debug|x86.Build.0 = Debug|Any CPU
		{6DE1B24D-F684-452E-8E8B-E01D6A08EB47}.Release|Any CPU.ActiveCfg = Release|Any CPU
		{6DE1B24D-F684-452E-8E8B-E01D6A08EB47}.Release|Any CPU.Build.0 = Release|Any CPU
		{6DE1B24D-F684-452E-8E8B-E01D6A08EB47}.Release|x86.ActiveCfg = Release|Any CPU
		{6DE1B24D-F684-452E-8E8B-E01D6A08EB47}.Release|x86.Build.0 = Release|Any CPU
		{FBE19402-28D0-4F4E-B9F0-3D524CCDD109}.Debug|Any CPU.ActiveCfg = Debug|Any CPU
		{FBE19402-28D0-4F4E-B9F0-3D524CCDD109}.Debug|Any CPU.Build.0 = Debug|Any CPU
		{FBE19402-28D0-4F4E-B9F0-3D524CCDD109}.Debug|x86.ActiveCfg = Debug|Any CPU
		{FBE19402-28D0-4F4E-B9F0-3D524CCDD109}.Debug|x86.Build.0 = Debug|Any CPU
		{FBE19402-28D0-4F4E-B9F0-3D524CCDD109}.Release|Any CPU.ActiveCfg = Release|Any CPU
		{FBE19402-28D0-4F4E-B9F0-3D524CCDD109}.Release|Any CPU.Build.0 = Release|Any CPU
		{FBE19402-28D0-4F4E-B9F0-3D524CCDD109}.Release|x86.ActiveCfg = Release|Any CPU
		{FBE19402-28D0-4F4E-B9F0-3D524CCDD109}.Release|x86.Build.0 = Release|Any CPU
	EndGlobalSection
	GlobalSection(SolutionProperties) = preSolution
		HideSolutionNode = FALSE
	EndGlobalSection
	GlobalSection(NestedProjects) = preSolution
		{2A4F3FDF-4A2C-450B-8285-28570BD45A81} = {7BDE2756-C4E9-4A43-B10F-29051E519CE2}
		{BD5E9F67-D8AF-42E6-BCB5-8C826ADDF290} = {7BDE2756-C4E9-4A43-B10F-29051E519CE2}
		{F1E16D44-AB17-4C2A-A4BD-FDBB55C733FB} = {7BDE2756-C4E9-4A43-B10F-29051E519CE2}
		{AD4EA9D1-11C2-4BF6-8A06-72A966BC1B80} = {B13DC1AD-6B79-4F65-9332-8AFB28EC9FA4}
		{39CA0B59-F100-4FC7-8936-A30F60844D2A} = {C8ECDACC-8EB9-4895-A11B-5DDF701083F7}
		{C5555929-E5BE-49C4-93A9-E2FF10C7FBC9} = {C8ECDACC-8EB9-4895-A11B-5DDF701083F7}
		{F0E0F63B-028C-48E2-A19A-A2657475C233} = {C8ECDACC-8EB9-4895-A11B-5DDF701083F7}
		{29872D95-9E7F-4CA0-80CC-0CE34708ED18} = {C8ECDACC-8EB9-4895-A11B-5DDF701083F7}
		{A36AE2CC-2153-4A69-BEB8-496D5E337AB6} = {C8ECDACC-8EB9-4895-A11B-5DDF701083F7}
		{6DE1B24D-F684-452E-8E8B-E01D6A08EB47} = {C8ECDACC-8EB9-4895-A11B-5DDF701083F7}
		{FBE19402-28D0-4F4E-B9F0-3D524CCDD109} = {C8ECDACC-8EB9-4895-A11B-5DDF701083F7}
	EndGlobalSection
EndGlobal
